
Microsoft Visual Studio Solution File, Format Version 12.00
# Visual Studio 15
VisualStudioVersion = 15.0.28010.2046
MinimumVisualStudioVersion = 10.0.40219.1
Project("{FAE04EC0-301F-11D3-BF4B-00C04F79EFBC}") = "Correo", "Correo\Correo.csproj", "{10F87D0E-E9C1-4E50-97B2-92D7B01D0934}"
EndProject
Global
	GlobalSection(SolutionConfigurationPlatforms) = preSolution
		Debug|Any CPU = Debug|Any CPU
		Release|Any CPU = Release|Any CPU
	EndGlobalSection
	GlobalSection(ProjectConfigurationPlatforms) = postSolution
		{10F87D0E-E9C1-4E50-97B2-92D7B01D0934}.Debug|Any CPU.ActiveCfg = Debug|Any CPU
		{10F87D0E-E9C1-4E50-97B2-92D7B01D0934}.Debug|Any CPU.Build.0 = Debug|Any CPU
		{10F87D0E-E9C1-4E50-97B2-92D7B01D0934}.Release|Any CPU.ActiveCfg = Release|Any CPU
		{10F87D0E-E9C1-4E50-97B2-92D7B01D0934}.Release|Any CPU.Build.0 = Release|Any CPU
	EndGlobalSection
	GlobalSection(SolutionProperties) = preSolution
		HideSolutionNode = FALSE
	EndGlobalSection
	GlobalSection(ExtensibilityGlobals) = postSolution
		SolutionGuid = {8FC4A1A9-1BB7-4F29-93C5-184059F82119}
	EndGlobalSection
EndGlobal
